
Microsoft Visual Studio Solution File, Format Version 12.00
# Visual Studio Version 17
VisualStudioVersion = 17.8.34330.188
MinimumVisualStudioVersion = 10.0.40219.1
Project("{2150E333-8FDC-42A3-9474-1A3956D46DE8}") = "Src", "Src", "{51D21943-18F4-43C7-8881-65393579156E}"
EndProject
Project("{2150E333-8FDC-42A3-9474-1A3956D46DE8}") = "Core", "Core", "{E05A54AA-ABD5-4520-8152-855DEC5EFA8E}"
EndProject
Project("{2150E333-8FDC-42A3-9474-1A3956D46DE8}") = "Infrastructure", "Infrastructure", "{694608D4-8E24-4149-A882-D2ADB5390C5D}"
EndProject
Project("{2150E333-8FDC-42A3-9474-1A3956D46DE8}") = "API", "API", "{2CC1140B-52B4-47BA-A339-93FF69F680F2}"
EndProject
Project("{2150E333-8FDC-42A3-9474-1A3956D46DE8}") = "UI", "UI", "{EA1079BE-0B85-4070-9EE2-61164EDB8616}"
EndProject
Project("{2150E333-8FDC-42A3-9474-1A3956D46DE8}") = "Test", "Test", "{C5BFCD7F-407B-4627-8415-11A3404C41BC}"
EndProject
Project("{9A19103F-16F7-4668-BE54-9A1E7A4F7556}") = "FaceAI.Application", "FaceAI\Src\Core\FaceAI.Core\FaceAI.Application.csproj", "{2C713D11-6C39-4FCC-A9B6-0ABF88F32DF6}"
EndProject
Project("{9A19103F-16F7-4668-BE54-9A1E7A4F7556}") = "FaceAI.Domain", "FaceAI\Src\Core\FaceAI.Domain\FaceAI.Domain.csproj", "{7C45CB6E-67B5-4351-9917-531ADA2BA02A}"
EndProject
Project("{9A19103F-16F7-4668-BE54-9A1E7A4F7556}") = "FaceAI.Infrastructure", "FaceAI.Infrastructure\FaceAI.Infrastructure.csproj", "{84C0223F-09C3-479A-AEB5-F5335CB4597D}"
EndProject
Project("{9A19103F-16F7-4668-BE54-9A1E7A4F7556}") = "FaceAI.WebApi", "FaceAI.WebApi\FaceAI.WebApi.csproj", "{63A67530-AFBE-4AE6-AF32-0746AA3E365F}"
EndProject
Project("{9A19103F-16F7-4668-BE54-9A1E7A4F7556}") = "FaceAI.IntegrationTests", "FaceAI.IntegrationTests\FaceAI.IntegrationTests.csproj", "{B7C5DE1F-8013-4156-979B-5203A81D31E5}"
EndProject
Project("{9A19103F-16F7-4668-BE54-9A1E7A4F7556}") = "FaceAI.Identity", "FaceAI.Identity\FaceAI.Identity.csproj", "{F66C107C-53C6-4065-8C7F-F987C3F93753}"
EndProject
Project("{E53339B2-1760-4266-BCC7-CA923CBCF16C}") = "docker-compose", "docker-compose.dcproj", "{31D5D9A9-6DEA-40F5-920D-4CB027B8CB3E}"
EndProject
Project("{FAE04EC0-301F-11D3-BF4B-00C04F79EFBC}") = "APIGateway", "APIGateway\APIGateway.csproj", "{94DF0788-F0F7-43B0-8967-38FEB1C16C8F}"
EndProject
Global
	GlobalSection(SolutionConfigurationPlatforms) = preSolution
		Debug|Any CPU = Debug|Any CPU
		Release|Any CPU = Release|Any CPU
	EndGlobalSection
	GlobalSection(ProjectConfigurationPlatforms) = postSolution
		{2C713D11-6C39-4FCC-A9B6-0ABF88F32DF6}.Debug|Any CPU.ActiveCfg = Debug|Any CPU
		{2C713D11-6C39-4FCC-A9B6-0ABF88F32DF6}.Debug|Any CPU.Build.0 = Debug|Any CPU
		{2C713D11-6C39-4FCC-A9B6-0ABF88F32DF6}.Release|Any CPU.ActiveCfg = Release|Any CPU
		{2C713D11-6C39-4FCC-A9B6-0ABF88F32DF6}.Release|Any CPU.Build.0 = Release|Any CPU
		{7C45CB6E-67B5-4351-9917-531ADA2BA02A}.Debug|Any CPU.ActiveCfg = Debug|Any CPU
		{7C45CB6E-67B5-4351-9917-531ADA2BA02A}.Debug|Any CPU.Build.0 = Debug|Any CPU
		{7C45CB6E-67B5-4351-9917-531ADA2BA02A}.Release|Any CPU.ActiveCfg = Release|Any CPU
		{7C45CB6E-67B5-4351-9917-531ADA2BA02A}.Release|Any CPU.Build.0 = Release|Any CPU
		{84C0223F-09C3-479A-AEB5-F5335CB4597D}.Debug|Any CPU.ActiveCfg = Debug|Any CPU
		{84C0223F-09C3-479A-AEB5-F5335CB4597D}.Debug|Any CPU.Build.0 = Debug|Any CPU
		{84C0223F-09C3-479A-AEB5-F5335CB4597D}.Release|Any CPU.ActiveCfg = Release|Any CPU
		{84C0223F-09C3-479A-AEB5-F5335CB4597D}.Release|Any CPU.Build.0 = Release|Any CPU
		{63A67530-AFBE-4AE6-AF32-0746AA3E365F}.Debug|Any CPU.ActiveCfg = Debug|Any CPU
		{63A67530-AFBE-4AE6-AF32-0746AA3E365F}.Debug|Any CPU.Build.0 = Debug|Any CPU
		{63A67530-AFBE-4AE6-AF32-0746AA3E365F}.Release|Any CPU.ActiveCfg = Release|Any CPU
		{63A67530-AFBE-4AE6-AF32-0746AA3E365F}.Release|Any CPU.Build.0 = Release|Any CPU
		{B7C5DE1F-8013-4156-979B-5203A81D31E5}.Debug|Any CPU.ActiveCfg = Debug|Any CPU
		{B7C5DE1F-8013-4156-979B-5203A81D31E5}.Debug|Any CPU.Build.0 = Debug|Any CPU
		{B7C5DE1F-8013-4156-979B-5203A81D31E5}.Release|Any CPU.ActiveCfg = Release|Any CPU
		{B7C5DE1F-8013-4156-979B-5203A81D31E5}.Release|Any CPU.Build.0 = Release|Any CPU
		{F66C107C-53C6-4065-8C7F-F987C3F93753}.Debug|Any CPU.ActiveCfg = Debug|Any CPU
		{F66C107C-53C6-4065-8C7F-F987C3F93753}.Debug|Any CPU.Build.0 = Debug|Any CPU
		{F66C107C-53C6-4065-8C7F-F987C3F93753}.Release|Any CPU.ActiveCfg = Release|Any CPU
		{F66C107C-53C6-4065-8C7F-F987C3F93753}.Release|Any CPU.Build.0 = Release|Any CPU
		{31D5D9A9-6DEA-40F5-920D-4CB027B8CB3E}.Debug|Any CPU.ActiveCfg = Debug|Any CPU
		{31D5D9A9-6DEA-40F5-920D-4CB027B8CB3E}.Debug|Any CPU.Build.0 = Debug|Any CPU
		{31D5D9A9-6DEA-40F5-920D-4CB027B8CB3E}.Release|Any CPU.ActiveCfg = Release|Any CPU
		{31D5D9A9-6DEA-40F5-920D-4CB027B8CB3E}.Release|Any CPU.Build.0 = Release|Any CPU
		{94DF0788-F0F7-43B0-8967-38FEB1C16C8F}.Debug|Any CPU.ActiveCfg = Debug|Any CPU
		{94DF0788-F0F7-43B0-8967-38FEB1C16C8F}.Debug|Any CPU.Build.0 = Debug|Any CPU
		{94DF0788-F0F7-43B0-8967-38FEB1C16C8F}.Release|Any CPU.ActiveCfg = Release|Any CPU
		{94DF0788-F0F7-43B0-8967-38FEB1C16C8F}.Release|Any CPU.Build.0 = Release|Any CPU
	EndGlobalSection
	GlobalSection(SolutionProperties) = preSolution
		HideSolutionNode = FALSE
	EndGlobalSection
	GlobalSection(NestedProjects) = preSolution
		{E05A54AA-ABD5-4520-8152-855DEC5EFA8E} = {51D21943-18F4-43C7-8881-65393579156E}
		{694608D4-8E24-4149-A882-D2ADB5390C5D} = {51D21943-18F4-43C7-8881-65393579156E}
		{2CC1140B-52B4-47BA-A339-93FF69F680F2} = {51D21943-18F4-43C7-8881-65393579156E}
		{EA1079BE-0B85-4070-9EE2-61164EDB8616} = {51D21943-18F4-43C7-8881-65393579156E}
		{2C713D11-6C39-4FCC-A9B6-0ABF88F32DF6} = {E05A54AA-ABD5-4520-8152-855DEC5EFA8E}
		{7C45CB6E-67B5-4351-9917-531ADA2BA02A} = {E05A54AA-ABD5-4520-8152-855DEC5EFA8E}
		{84C0223F-09C3-479A-AEB5-F5335CB4597D} = {694608D4-8E24-4149-A882-D2ADB5390C5D}
		{63A67530-AFBE-4AE6-AF32-0746AA3E365F} = {2CC1140B-52B4-47BA-A339-93FF69F680F2}
		{B7C5DE1F-8013-4156-979B-5203A81D31E5} = {C5BFCD7F-407B-4627-8415-11A3404C41BC}
	EndGlobalSection
	GlobalSection(ExtensibilityGlobals) = postSolution
		SolutionGuid = {188FFEB1-C29A-4C70-8371-DF4F69AD2DC4}
	EndGlobalSection
EndGlobal
